
Microsoft Visual Studio Solution File, Format Version 12.00
# Visual Studio Version 17
VisualStudioVersion = 17.14.36109.1 d17.14
MinimumVisualStudioVersion = 10.0.40219.1
Project("{FAE04EC0-301F-11D3-BF4B-00C04F79EFBC}") = "API_assistencia_tecnica", "API_assistencia_tecnica\API_assistencia_tecnica.csproj", "{BEBA225C-F758-4989-96A6-45BA4875B42D}"
EndProject
Global
	GlobalSection(SolutionConfigurationPlatforms) = preSolution
		Debug|Any CPU = Debug|Any CPU
		Release|Any CPU = Release|Any CPU
	EndGlobalSection
	GlobalSection(ProjectConfigurationPlatforms) = postSolution
		{BEBA225C-F758-4989-96A6-45BA4875B42D}.Debug|Any CPU.ActiveCfg = Debug|Any CPU
		{BEBA225C-F758-4989-96A6-45BA4875B42D}.Debug|Any CPU.Build.0 = Debug|Any CPU
		{BEBA225C-F758-4989-96A6-45BA4875B42D}.Release|Any CPU.ActiveCfg = Release|Any CPU
		{BEBA225C-F758-4989-96A6-45BA4875B42D}.Release|Any CPU.Build.0 = Release|Any CPU
	EndGlobalSection
	GlobalSection(SolutionProperties) = preSolution
		HideSolutionNode = FALSE
	EndGlobalSection
	GlobalSection(ExtensibilityGlobals) = postSolution
		SolutionGuid = {A9A0338F-EE1D-4C4F-9DED-EB114AD7E540}
	EndGlobalSection
EndGlobal
